
Microsoft Visual Studio Solution File, Format Version 12.00
# Visual Studio Version 16
VisualStudioVersion = 16.0.29709.97
MinimumVisualStudioVersion = 10.0.40219.1
Project("{FAE04EC0-301F-11D3-BF4B-00C04F79EFBC}") = "PN-Comviq", "PN-Comviq\PN-Comviq.csproj", "{915F4E15-6FDE-4BE9-9208-785467C4A0C6}"
EndProject
Global
	GlobalSection(SolutionConfigurationPlatforms) = preSolution
		Debug|Any CPU = Debug|Any CPU
		Release|Any CPU = Release|Any CPU
	EndGlobalSection
	GlobalSection(ProjectConfigurationPlatforms) = postSolution
		{915F4E15-6FDE-4BE9-9208-785467C4A0C6}.Debug|Any CPU.ActiveCfg = Debug|Any CPU
		{915F4E15-6FDE-4BE9-9208-785467C4A0C6}.Debug|Any CPU.Build.0 = Debug|Any CPU
		{915F4E15-6FDE-4BE9-9208-785467C4A0C6}.Release|Any CPU.ActiveCfg = Release|Any CPU
		{915F4E15-6FDE-4BE9-9208-785467C4A0C6}.Release|Any CPU.Build.0 = Release|Any CPU
	EndGlobalSection
	GlobalSection(SolutionProperties) = preSolution
		HideSolutionNode = FALSE
	EndGlobalSection
	GlobalSection(ExtensibilityGlobals) = postSolution
		SolutionGuid = {25A8A345-2D4C-49FD-8249-CF107DE10133}
	EndGlobalSection
EndGlobal
